
Microsoft Visual Studio Solution File, Format Version 12.00
# Visual Studio Version 17
VisualStudioVersion = 17.11.35312.102
MinimumVisualStudioVersion = 10.0.40219.1
Project("{FAE04EC0-301F-11D3-BF4B-00C04F79EFBC}") = "SimpelBankSystem", "SimpelBankSystem.csproj", "{92EDE4AB-008C-48B4-8BB4-BB5EA408B32B}"
EndProject
Global
	GlobalSection(SolutionConfigurationPlatforms) = preSolution
		Debug|Any CPU = Debug|Any CPU
		Release|Any CPU = Release|Any CPU
	EndGlobalSection
	GlobalSection(ProjectConfigurationPlatforms) = postSolution
		{92EDE4AB-008C-48B4-8BB4-BB5EA408B32B}.Debug|Any CPU.ActiveCfg = Debug|Any CPU
		{92EDE4AB-008C-48B4-8BB4-BB5EA408B32B}.Debug|Any CPU.Build.0 = Debug|Any CPU
		{92EDE4AB-008C-48B4-8BB4-BB5EA408B32B}.Release|Any CPU.ActiveCfg = Release|Any CPU
		{92EDE4AB-008C-48B4-8BB4-BB5EA408B32B}.Release|Any CPU.Build.0 = Release|Any CPU
	EndGlobalSection
	GlobalSection(SolutionProperties) = preSolution
		HideSolutionNode = FALSE
	EndGlobalSection
	GlobalSection(ExtensibilityGlobals) = postSolution
		SolutionGuid = {D687D91B-E5A9-4D2B-BCDA-0DB9D5851E8A}
	EndGlobalSection
EndGlobal
